{
  "originHash" : "3d362d104d270c6f0f045b5602d68814e1e2e02d1abe9ba32fddb0748fc5a913",
  "pins" : [
    {
      "identity" : "sparkle",
      "kind" : "remoteSourceControl",
      "location" : "https://github.com/sparkle-project/Sparkle",
      "state" : {
        "revision" : "ac2def288cbff5cfc7df3ffef6abdf45b72bcb0a",
        "version" : "2.9.6"
      }
    },
    {
      "identity" : "ui-library",
      "kind" : "remoteSourceControl",
      "location" : "https://github.com/sass-maker/ui-library",
      "state" : {
        "revision" : "1c01ca58049ce7534117248e8dbd284bb5269e36",
        "version" : "0.1.17"
      }
    }
  ],
  "version" : 3
}
